
Microsoft Visual Studio Solution File, Format Version 12.00
# Visual Studio Version 17
VisualStudioVersion = 17.5.33627.172
MinimumVisualStudioVersion = 10.0.40219.1
Project("{FAE04EC0-301F-11D3-BF4B-00C04F79EFBC}") = "MeuProjeto", "MeuProjeto\MeuProjeto.csproj", "{1C75BB4C-A937-4890-9ECF-F2BE378F53EB}"
EndProject
Project("{FAE04EC0-301F-11D3-BF4B-00C04F79EFBC}") = "TesteMeuProjeto", "TesteMeuProjeto\TesteMeuProjeto.csproj", "{E38FE16C-9F30-496B-A268-9E67EE1A4DB4}"
EndProject
Global
	GlobalSection(SolutionConfigurationPlatforms) = preSolution
		Debug|Any CPU = Debug|Any CPU
		Release|Any CPU = Release|Any CPU
	EndGlobalSection
	GlobalSection(ProjectConfigurationPlatforms) = postSolution
		{1C75BB4C-A937-4890-9ECF-F2BE378F53EB}.Debug|Any CPU.ActiveCfg = Debug|Any CPU
		{1C75BB4C-A937-4890-9ECF-F2BE378F53EB}.Debug|Any CPU.Build.0 = Debug|Any CPU
		{1C75BB4C-A937-4890-9ECF-F2BE378F53EB}.Release|Any CPU.ActiveCfg = Release|Any CPU
		{1C75BB4C-A937-4890-9ECF-F2BE378F53EB}.Release|Any CPU.Build.0 = Release|Any CPU
		{E38FE16C-9F30-496B-A268-9E67EE1A4DB4}.Debug|Any CPU.ActiveCfg = Debug|Any CPU
		{E38FE16C-9F30-496B-A268-9E67EE1A4DB4}.Debug|Any CPU.Build.0 = Debug|Any CPU
		{E38FE16C-9F30-496B-A268-9E67EE1A4DB4}.Release|Any CPU.ActiveCfg = Release|Any CPU
		{E38FE16C-9F30-496B-A268-9E67EE1A4DB4}.Release|Any CPU.Build.0 = Release|Any CPU
	EndGlobalSection
	GlobalSection(SolutionProperties) = preSolution
		HideSolutionNode = FALSE
	EndGlobalSection
	GlobalSection(ExtensibilityGlobals) = postSolution
		SolutionGuid = {CE230694-3D5E-4F58-8B71-AF938C394EE5}
	EndGlobalSection
EndGlobal
